
Microsoft Visual Studio Solution File, Format Version 12.00
# Visual Studio Version 16
VisualStudioVersion = 16.0.29411.108
MinimumVisualStudioVersion = 10.0.40219.1
Project("{FAE04EC0-301F-11D3-BF4B-00C04F79EFBC}") = "K9TitleBuilderWeb", "K9TitleBuilder\K9TitleBuilderWeb.csproj", "{333DAF96-3CDB-4377-AC5E-FBDF99204113}"
	ProjectSection(ProjectDependencies) = postProject
		{7D9EF42B-2493-4F76-9E25-954DF291A1D8} = {7D9EF42B-2493-4F76-9E25-954DF291A1D8}
	EndProjectSection
EndProject
Project("{FAE04EC0-301F-11D3-BF4B-00C04F79EFBC}") = "K9TitleBuilderLib", "K9TitleBuilderLib\K9TitleBuilderLib.csproj", "{7D9EF42B-2493-4F76-9E25-954DF291A1D8}"
EndProject
Global
	GlobalSection(SolutionConfigurationPlatforms) = preSolution
		Debug|Any CPU = Debug|Any CPU
		Release|Any CPU = Release|Any CPU
	EndGlobalSection
	GlobalSection(ProjectConfigurationPlatforms) = postSolution
		{333DAF96-3CDB-4377-AC5E-FBDF99204113}.Debug|Any CPU.ActiveCfg = Debug|Any CPU
		{333DAF96-3CDB-4377-AC5E-FBDF99204113}.Debug|Any CPU.Build.0 = Debug|Any CPU
		{333DAF96-3CDB-4377-AC5E-FBDF99204113}.Release|Any CPU.ActiveCfg = Release|Any CPU
		{333DAF96-3CDB-4377-AC5E-FBDF99204113}.Release|Any CPU.Build.0 = Release|Any CPU
		{7D9EF42B-2493-4F76-9E25-954DF291A1D8}.Debug|Any CPU.ActiveCfg = Debug|Any CPU
		{7D9EF42B-2493-4F76-9E25-954DF291A1D8}.Debug|Any CPU.Build.0 = Debug|Any CPU
		{7D9EF42B-2493-4F76-9E25-954DF291A1D8}.Release|Any CPU.ActiveCfg = Release|Any CPU
		{7D9EF42B-2493-4F76-9E25-954DF291A1D8}.Release|Any CPU.Build.0 = Release|Any CPU
	EndGlobalSection
	GlobalSection(SolutionProperties) = preSolution
		HideSolutionNode = FALSE
	EndGlobalSection
	GlobalSection(ExtensibilityGlobals) = postSolution
		SolutionGuid = {919BCD98-36EE-49DD-BB3E-F87AF0A66B9A}
	EndGlobalSection
EndGlobal
